
Microsoft Visual Studio Solution File, Format Version 12.00
# Visual Studio 15
VisualStudioVersion = 15.0.28307.489
MinimumVisualStudioVersion = 10.0.40219.1
Project("{8BC9CEB8-8B4A-11D0-8D11-00A0C91BC942}") = "metoring_0327", "metoring_0327\metoring_0327.vcxproj", "{CA55A39D-A3BC-45E1-9633-14032E0C7938}"
EndProject
Global
	GlobalSection(SolutionConfigurationPlatforms) = preSolution
		Debug|x64 = Debug|x64
		Debug|x86 = Debug|x86
		Release|x64 = Release|x64
		Release|x86 = Release|x86
	EndGlobalSection
	GlobalSection(ProjectConfigurationPlatforms) = postSolution
		{CA55A39D-A3BC-45E1-9633-14032E0C7938}.Debug|x64.ActiveCfg = Debug|x64
		{CA55A39D-A3BC-45E1-9633-14032E0C7938}.Debug|x64.Build.0 = Debug|x64
		{CA55A39D-A3BC-45E1-9633-14032E0C7938}.Debug|x86.ActiveCfg = Debug|Win32
		{CA55A39D-A3BC-45E1-9633-14032E0C7938}.Debug|x86.Build.0 = Debug|Win32
		{CA55A39D-A3BC-45E1-9633-14032E0C7938}.Release|x64.ActiveCfg = Release|x64
		{CA55A39D-A3BC-45E1-9633-14032E0C7938}.Release|x64.Build.0 = Release|x64
		{CA55A39D-A3BC-45E1-9633-14032E0C7938}.Release|x86.ActiveCfg = Release|Win32
		{CA55A39D-A3BC-45E1-9633-14032E0C7938}.Release|x86.Build.0 = Release|Win32
	EndGlobalSection
	GlobalSection(SolutionProperties) = preSolution
		HideSolutionNode = FALSE
	EndGlobalSection
	GlobalSection(ExtensibilityGlobals) = postSolution
		SolutionGuid = {0B558DC2-6189-463D-B2D4-FF7FAA7A00E0}
	EndGlobalSection
EndGlobal
